
Microsoft Visual Studio Solution File, Format Version 12.00
# Visual Studio Version 17
VisualStudioVersion = 17.14.36221.1 d17.14
MinimumVisualStudioVersion = 10.0.40219.1
Project("{FAE04EC0-301F-11D3-BF4B-00C04F79EFBC}") = "Studow", "Studow\Studow.csproj", "{B7765871-2ACE-45F9-91F4-2C587573E8C7}"
EndProject
Global
	GlobalSection(SolutionConfigurationPlatforms) = preSolution
		Debug|Any CPU = Debug|Any CPU
		Release|Any CPU = Release|Any CPU
	EndGlobalSection
	GlobalSection(ProjectConfigurationPlatforms) = postSolution
		{B7765871-2ACE-45F9-91F4-2C587573E8C7}.Debug|Any CPU.ActiveCfg = Debug|Any CPU
		{B7765871-2ACE-45F9-91F4-2C587573E8C7}.Debug|Any CPU.Build.0 = Debug|Any CPU
		{B7765871-2ACE-45F9-91F4-2C587573E8C7}.Release|Any CPU.ActiveCfg = Release|Any CPU
		{B7765871-2ACE-45F9-91F4-2C587573E8C7}.Release|Any CPU.Build.0 = Release|Any CPU
	EndGlobalSection
	GlobalSection(SolutionProperties) = preSolution
		HideSolutionNode = FALSE
	EndGlobalSection
	GlobalSection(ExtensibilityGlobals) = postSolution
		SolutionGuid = {C5BD07B3-3095-400B-A68A-96F1D87DC9D1}
	EndGlobalSection
EndGlobal
